// !$*UTF8*$!
{
	archiveVersion = 1;
	classes = {
	};
	objectVersion = 51;
	objects = {

/* Begin PBXBuildFile section */
		020032EE265625AB00C71FDF /* CastCell.swift in Sources */ = {isa = PBXBuildFile; fileRef = 020032ED265625AB00C71FDF /* CastCell.swift */; };
		020032F12656265700C71FDF /* CastDatasource.swift in Sources */ = {isa = PBXBuildFile; fileRef = 020032F02656265700C71FDF /* CastDatasource.swift */; };
		020032F42656284C00C71FDF /* FloatingMovieDescriptionVC+CollectionViewDelegate.swift in Sources */ = {isa = PBXBuildFile; fileRef = 020032F32656284C00C71FDF /* FloatingMovieDescriptionVC+CollectionViewDelegate.swift */; };
		020E6A6426442FBB00636EE6 /* UIColor+Extensions.swift in Sources */ = {isa = PBXBuildFile; fileRef = 020E6A6326442FBB00636EE6 /* UIColor+Extensions.swift */; };
		021683DE2671CA9D007072DD /* AdditionalServiceCollectionView.swift in Sources */ = {isa = PBXBuildFile; fileRef = 021683DD2671CA9D007072DD /* AdditionalServiceCollectionView.swift */; };
		021683E02671CD3C007072DD /* ComboSetCell.swift in Sources */ = {isa = PBXBuildFile; fileRef = 021683DF2671CD3C007072DD /* ComboSetCell.swift */; };
		021683E22671DB96007072DD /* AdditionalServiceDatasource.swift in Sources */ = {isa = PBXBuildFile; fileRef = 021683E12671DB96007072DD /* AdditionalServiceDatasource.swift */; };
		021C75A426464E5800607FE1 /* UIButton+Extensions.swift in Sources */ = {isa = PBXBuildFile; fileRef = 021C75A326464E5800607FE1 /* UIButton+Extensions.swift */; };
		021C75A7264684F700607FE1 /* HomeVC.swift in Sources */ = {isa = PBXBuildFile; fileRef = 021C75A6264684F700607FE1 /* HomeVC.swift */; };
		021C75AB264685E100607FE1 /* Coordinator.swift in Sources */ = {isa = PBXBuildFile; fileRef = 021C75AA264685E100607FE1 /* Coordinator.swift */; };
		021C75AF2646864300607FE1 /* MainCoordinator.swift in Sources */ = {isa = PBXBuildFile; fileRef = 021C75AE2646864300607FE1 /* MainCoordinator.swift */; };
		021C75B62646DAD100607FE1 /* HomeCoordinator.swift in Sources */ = {isa = PBXBuildFile; fileRef = 021C75B52646DAD100607FE1 /* HomeCoordinator.swift */; };
		021C75BA2646E37600607FE1 /* HomeDatasource.swift in Sources */ = {isa = PBXBuildFile; fileRef = 021C75B92646E37600607FE1 /* HomeDatasource.swift */; };
		021C75BF2646E3D100607FE1 /* ProfileCell.swift in Sources */ = {isa = PBXBuildFile; fileRef = 021C75BE2646E3D100607FE1 /* ProfileCell.swift */; };
		0238B95D264A4EC300EC352B /* FloatingMovieDescriptionVC.swift in Sources */ = {isa = PBXBuildFile; fileRef = 0238B95C264A4EC300EC352B /* FloatingMovieDescriptionVC.swift */; };
		0238EBB0264534C30049D670 /* TabBar.swift in Sources */ = {isa = PBXBuildFile; fileRef = 0238EBAF264534C30049D670 /* TabBar.swift */; };
		0238EBB8264564910049D670 /* OutlineTextField.swift in Sources */ = {isa = PBXBuildFile; fileRef = 0238EBB7264564910049D670 /* OutlineTextField.swift */; };
		0238EBBB2646430D0049D670 /* UITextField+Extensions.swift in Sources */ = {isa = PBXBuildFile; fileRef = 0238EBBA2646430D0049D670 /* UITextField+Extensions.swift */; };
		024083EB266B66E400F40F54 /* TabHeaderCell.swift in Sources */ = {isa = PBXBuildFile; fileRef = 024083EA266B66E400F40F54 /* TabHeaderCell.swift */; };
		024083EE266B6A6300F40F54 /* TabContentCell.swift in Sources */ = {isa = PBXBuildFile; fileRef = 024083ED266B6A6300F40F54 /* TabContentCell.swift */; };
		024083F3266C842C00F40F54 /* TabHeader.swift in Sources */ = {isa = PBXBuildFile; fileRef = 024083F2266C842C00F40F54 /* TabHeader.swift */; };
		0240841D266DCCF300F40F54 /* MainVC.swift in Sources */ = {isa = PBXBuildFile; fileRef = 0240841C266DCCF300F40F54 /* MainVC.swift */; };
		024D5D71266DE7EA00980E9A /* UIView+Extension.swift in Sources */ = {isa = PBXBuildFile; fileRef = 024D5D70266DE7EA00980E9A /* UIView+Extension.swift */; };
		024E04A526576C5500C9E164 /* PickTheaterVC.swift in Sources */ = {isa = PBXBuildFile; fileRef = 024E04A426576C5500C9E164 /* PickTheaterVC.swift */; };
		024E04A826576CA400C9E164 /* TicketCoordinator.swift in Sources */ = {isa = PBXBuildFile; fileRef = 024E04A726576CA400C9E164 /* TicketCoordinator.swift */; };
		024E04AC265771FE00C9E164 /* CalendarCell.swift in Sources */ = {isa = PBXBuildFile; fileRef = 024E04AB265771FE00C9E164 /* CalendarCell.swift */; };
		024E04AF2657722600C9E164 /* Calendar.swift in Sources */ = {isa = PBXBuildFile; fileRef = 024E04AE2657722600C9E164 /* Calendar.swift */; };
		024E04B5265772F900C9E164 /* CalendarDatasource.swift in Sources */ = {isa = PBXBuildFile; fileRef = 024E04B4265772F900C9E164 /* CalendarDatasource.swift */; };
		024E04BE2657A72B00C9E164 /* OutlineButton+extensions.swift in Sources */ = {isa = PBXBuildFile; fileRef = 024E04BD2657A72B00C9E164 /* OutlineButton+extensions.swift */; };
		025CF5202663AA2C00D0112E /* TicketView.swift in Sources */ = {isa = PBXBuildFile; fileRef = 025CF51F2663AA2C00D0112E /* TicketView.swift */; };
		025CF5232663B92000D0112E /* VoucherVC.swift in Sources */ = {isa = PBXBuildFile; fileRef = 025CF5222663B92000D0112E /* VoucherVC.swift */; };
		025CF5272663DF2C00D0112E /* Ticket.swift in Sources */ = {isa = PBXBuildFile; fileRef = 025CF5262663DF2C00D0112E /* Ticket.swift */; };
		027708AD26695665006D4304 /* Seat.swift in Sources */ = {isa = PBXBuildFile; fileRef = 027708AC26695665006D4304 /* Seat.swift */; };
		027C3EF826590C4F0048EDCF /* ChooseSeatVC.swift in Sources */ = {isa = PBXBuildFile; fileRef = 027C3EF726590C4F0048EDCF /* ChooseSeatVC.swift */; };
		0297781A2644327E00112F4E /* UIImageView+Extensions.swift in Sources */ = {isa = PBXBuildFile; fileRef = 029778192644327E00112F4E /* UIImageView+Extensions.swift */; };
		0297783D264437D700112F4E /* UILabel+Extensions.swift in Sources */ = {isa = PBXBuildFile; fileRef = 0297783C264437D700112F4E /* UILabel+Extensions.swift */; };
		0297784026443DE200112F4E /* UIStackView+Extensions.swift in Sources */ = {isa = PBXBuildFile; fileRef = 0297783F26443DE200112F4E /* UIStackView+Extensions.swift */; };
		029778442644400E00112F4E /* OFL.txt in Resources */ = {isa = PBXBuildFile; fileRef = 029778432644400E00112F4E /* OFL.txt */; };
		02A17BB0266F4671007CFF1C /* AuthenticationFormVC.swift in Sources */ = {isa = PBXBuildFile; fileRef = 02A17BAF266F4671007CFF1C /* AuthenticationFormVC.swift */; };
		02A8E29D2654109B009F1C5E /* MovieDetailVC+Layout.swift in Sources */ = {isa = PBXBuildFile; fileRef = 02A8E29C2654109B009F1C5E /* MovieDetailVC+Layout.swift */; };
		02A8E2A0265415C2009F1C5E /* IMDbRatingSV.swift in Sources */ = {isa = PBXBuildFile; fileRef = 02A8E29F265415C2009F1C5E /* IMDbRatingSV.swift */; };
		02AE45CE264429A400C7F031 /* AppDelegate.swift in Sources */ = {isa = PBXBuildFile; fileRef = 02AE45CD264429A400C7F031 /* AppDelegate.swift */; };
		02AE45D0264429A400C7F031 /* SceneDelegate.swift in Sources */ = {isa = PBXBuildFile; fileRef = 02AE45CF264429A400C7F031 /* SceneDelegate.swift */; };
		02AE45D2264429A400C7F031 /* GetStartedVC.swift in Sources */ = {isa = PBXBuildFile; fileRef = 02AE45D1264429A400C7F031 /* GetStartedVC.swift */; };
		02AE45D7264429AA00C7F031 /* Assets.xcassets in Resources */ = {isa = PBXBuildFile; fileRef = 02AE45D6264429AA00C7F031 /* Assets.xcassets */; };
		02AE45DA264429AA00C7F031 /* LaunchScreen.storyboard in Resources */ = {isa = PBXBuildFile; fileRef = 02AE45D8264429AA00C7F031 /* LaunchScreen.storyboard */; };
		02B29D2726674E79000B78D6 /* CTAButton.swift in Sources */ = {isa = PBXBuildFile; fileRef = 02B29D2626674E79000B78D6 /* CTAButton.swift */; };
		02B29D2B266755B9000B78D6 /* VerticallyScrollableVC.swift in Sources */ = {isa = PBXBuildFile; fileRef = 02B29D2A266755B9000B78D6 /* VerticallyScrollableVC.swift */; };
		02B29D3226677C9B000B78D6 /* SocialButton.swift in Sources */ = {isa = PBXBuildFile; fileRef = 02B29D3126677C9B000B78D6 /* SocialButton.swift */; };
		02BF24C1264441AD00B257D1 /* Poppins-SemiBold.ttf in Resources */ = {isa = PBXBuildFile; fileRef = 0297784B2644403700112F4E /* Poppins-SemiBold.ttf */; };
		02BF24C2264441AD00B257D1 /* Poppins-Light.ttf in Resources */ = {isa = PBXBuildFile; fileRef = 029778482644402100112F4E /* Poppins-Light.ttf */; };
		02BF24C3264441AD00B257D1 /* Poppins-Thin.ttf in Resources */ = {isa = PBXBuildFile; fileRef = 0297784A2644403600112F4E /* Poppins-Thin.ttf */; };
		02BF24C4264441AD00B257D1 /* Poppins-Regular.ttf in Resources */ = {isa = PBXBuildFile; fileRef = 029778492644402100112F4E /* Poppins-Regular.ttf */; };
		02BF24C5264441AD00B257D1 /* Poppins-Bold.ttf in Resources */ = {isa = PBXBuildFile; fileRef = 029778472644402100112F4E /* Poppins-Bold.ttf */; };
		02BF24C6264441AD00B257D1 /* Poppins-Medium.ttf in Resources */ = {isa = PBXBuildFile; fileRef = 029778462644402100112F4E /* Poppins-Medium.ttf */; };
		02BF24C9264443F200B257D1 /* UIFont+Extensions.swift in Sources */ = {isa = PBXBuildFile; fileRef = 02BF24C8264443F200B257D1 /* UIFont+Extensions.swift */; };
		02BF24CC26446B8D00B257D1 /* OutlineButton.swift in Sources */ = {isa = PBXBuildFile; fileRef = 02BF24CB26446B8D00B257D1 /* OutlineButton.swift */; };
		02BF24D52645078300B257D1 /* AuthenticationVC.swift in Sources */ = {isa = PBXBuildFile; fileRef = 02BF24D42645078300B257D1 /* AuthenticationVC.swift */; };
		02D635A82647E3270027A0BA /* MovieCell.swift in Sources */ = {isa = PBXBuildFile; fileRef = 02D635A72647E3270027A0BA /* MovieCell.swift */; };
		02D635AC2647E37E0027A0BA /* MovieHeader.swift in Sources */ = {isa = PBXBuildFile; fileRef = 02D635AB2647E37E0027A0BA /* MovieHeader.swift */; };
		02D635B02647E4670027A0BA /* Movie.swift in Sources */ = {isa = PBXBuildFile; fileRef = 02D635AF2647E4670027A0BA /* Movie.swift */; };
		02D635B526481E1A0027A0BA /* Bundle+Extensions.swift in Sources */ = {isa = PBXBuildFile; fileRef = 02D635B426481E1A0027A0BA /* Bundle+Extensions.swift */; };
		02D635BA264821D40027A0BA /* Movies.json in Resources */ = {isa = PBXBuildFile; fileRef = 02D635B9264821D40027A0BA /* Movies.json */; };
		02D635BD264857AE0027A0BA /* MovieDetailVC.swift in Sources */ = {isa = PBXBuildFile; fileRef = 02D635BC264857AE0027A0BA /* MovieDetailVC.swift */; };
		02D635C3264861170027A0BA /* SideMenuVC.swift in Sources */ = {isa = PBXBuildFile; fileRef = 02D635C2264861170027A0BA /* SideMenuVC.swift */; };
		02D6E41D265FD08300F8791C /* PromocodeCell.swift in Sources */ = {isa = PBXBuildFile; fileRef = 02D6E41C265FD08300F8791C /* PromocodeCell.swift */; };
		02D6E422265FD54000F8791C /* Poppins-Italic.ttf in Resources */ = {isa = PBXBuildFile; fileRef = 02D6E420265FD4CA00F8791C /* Poppins-Italic.ttf */; };
		02D6E425265FDAC600F8791C /* PaymentMethodCell.swift in Sources */ = {isa = PBXBuildFile; fileRef = 02D6E424265FDAC600F8791C /* PaymentMethodCell.swift */; };
		02D6E42D265FE86E00F8791C /* CheckoutVC.swift in Sources */ = {isa = PBXBuildFile; fileRef = 02D6E42C265FE86E00F8791C /* CheckoutVC.swift */; };
		02D6E43026600F4E00F8791C /* CreditCardCell.swift in Sources */ = {isa = PBXBuildFile; fileRef = 02D6E42F26600F4E00F8791C /* CreditCardCell.swift */; };
		02D6E4382660102500F8791C /* CreditCard.swift in Sources */ = {isa = PBXBuildFile; fileRef = 02D6E4372660102500F8791C /* CreditCard.swift */; };
		02D6E43B2660106F00F8791C /* CreditCardDatasource.swift in Sources */ = {isa = PBXBuildFile; fileRef = 02D6E43A2660106F00F8791C /* CreditCardDatasource.swift */; };
		02D6E43E266010DA00F8791C /* Date+extension.swift in Sources */ = {isa = PBXBuildFile; fileRef = 02D6E43D266010DA00F8791C /* Date+extension.swift */; };
		02D6E4412660AB3B00F8791C /* String+extensions.swift in Sources */ = {isa = PBXBuildFile; fileRef = 02D6E4402660AB3B00F8791C /* String+extensions.swift */; };
		02D9940C26668EE400C7A00A /* BackButton.swift in Sources */ = {isa = PBXBuildFile; fileRef = 02D9940B26668EE400C7A00A /* BackButton.swift */; };
		02D99410266690CB00C7A00A /* CloseButton.swift in Sources */ = {isa = PBXBuildFile; fileRef = 02D9940F266690CB00C7A00A /* CloseButton.swift */; };
		02D994142666921F00C7A00A /* CalendarCollectionView.swift in Sources */ = {isa = PBXBuildFile; fileRef = 02D994132666921F00C7A00A /* CalendarCollectionView.swift */; };
		02DF7F3C2670B22C00D2F01C /* PickTheaterCollectionView.swift in Sources */ = {isa = PBXBuildFile; fileRef = 02DF7F3B2670B22C00D2F01C /* PickTheaterCollectionView.swift */; };
		02DF7F3E2670B68200D2F01C /* PickTheaterDatasource.swift in Sources */ = {isa = PBXBuildFile; fileRef = 02DF7F3D2670B68200D2F01C /* PickTheaterDatasource.swift */; };
		02DF7F402670BB6700D2F01C /* PickTheaterCell.swift in Sources */ = {isa = PBXBuildFile; fileRef = 02DF7F3F2670BB6700D2F01C /* PickTheaterCell.swift */; };
		02DF7F422670D09B00D2F01C /* ChooseTheaterVO.swift in Sources */ = {isa = PBXBuildFile; fileRef = 02DF7F412670D09B00D2F01C /* ChooseTheaterVO.swift */; };
		02F8880A265A098F00C8D3F3 /* ProjectorView.swift in Sources */ = {isa = PBXBuildFile; fileRef = 02F88809265A098F00C8D3F3 /* ProjectorView.swift */; };
		02F8880D265A0B9F00C8D3F3 /* SeatingPlanCollectionView.swift in Sources */ = {isa = PBXBuildFile; fileRef = 02F8880C265A0B9F00C8D3F3 /* SeatingPlanCollectionView.swift */; };
		02F88811265A0C2E00C8D3F3 /* SeatCell.swift in Sources */ = {isa = PBXBuildFile; fileRef = 02F88810265A0C2E00C8D3F3 /* SeatCell.swift */; };
		02F88814265A0CC700C8D3F3 /* SeatingPlanDatasource.swift in Sources */ = {isa = PBXBuildFile; fileRef = 02F88813265A0CC700C8D3F3 /* SeatingPlanDatasource.swift */; };
		02F88817265A167C00C8D3F3 /* DashView.swift in Sources */ = {isa = PBXBuildFile; fileRef = 02F88816265A167C00C8D3F3 /* DashView.swift */; };
		02F88821265A505700C8D3F3 /* AdditionalServiceVC.swift in Sources */ = {isa = PBXBuildFile; fileRef = 02F88820265A505700C8D3F3 /* AdditionalServiceVC.swift */; };
		02F88826265AA8B600C8D3F3 /* CountButtonGroup.swift in Sources */ = {isa = PBXBuildFile; fileRef = 02F88825265AA8B600C8D3F3 /* CountButtonGroup.swift */; };
		3833819662C3DFFD4A9F3139 /* Pods_Galaxy_App.framework in Frameworks */ = {isa = PBXBuildFile; fileRef = 60DCA23893A73D92AF63029D /* Pods_Galaxy_App.framework */; };
/* End PBXBuildFile section */

/* Begin PBXFileReference section */
		020032ED265625AB00C71FDF /* CastCell.swift */ = {isa = PBXFileReference; lastKnownFileType = sourcecode.swift; name = CastCell.swift; path = "Galaxy App/Views/CastCell.swift"; sourceTree = SOURCE_ROOT; };
		020032F02656265700C71FDF /* CastDatasource.swift */ = {isa = PBXFileReference; lastKnownFileType = sourcecode.swift; path = CastDatasource.swift; sourceTree = "<group>"; };
		020032F32656284C00C71FDF /* FloatingMovieDescriptionVC+CollectionViewDelegate.swift */ = {isa = PBXFileReference; lastKnownFileType = sourcecode.swift; path = "FloatingMovieDescriptionVC+CollectionViewDelegate.swift"; sourceTree = "<group>"; };
		020E6A6326442FBB00636EE6 /* UIColor+Extensions.swift */ = {isa = PBXFileReference; lastKnownFileType = sourcecode.swift; path = "UIColor+Extensions.swift"; sourceTree = "<group>"; };
		021683DD2671CA9D007072DD /* AdditionalServiceCollectionView.swift */ = {isa = PBXFileReference; lastKnownFileType = sourcecode.swift; path = AdditionalServiceCollectionView.swift; sourceTree = "<group>"; };
		021683DF2671CD3C007072DD /* ComboSetCell.swift */ = {isa = PBXFileReference; lastKnownFileType = sourcecode.swift; path = ComboSetCell.swift; sourceTree = "<group>"; };
		021683E12671DB96007072DD /* AdditionalServiceDatasource.swift */ = {isa = PBXFileReference; lastKnownFileType = sourcecode.swift; path = AdditionalServiceDatasource.swift; sourceTree = "<group>"; };
		021C75A326464E5800607FE1 /* UIButton+Extensions.swift */ = {isa = PBXFileReference; lastKnownFileType = sourcecode.swift; path = "UIButton+Extensions.swift"; sourceTree = "<group>"; };
		021C75A6264684F700607FE1 /* HomeVC.swift */ = {isa = PBXFileReference; lastKnownFileType = sourcecode.swift; path = HomeVC.swift; sourceTree = "<group>"; };
		021C75AA264685E100607FE1 /* Coordinator.swift */ = {isa = PBXFileReference; lastKnownFileType = sourcecode.swift; path = Coordinator.swift; sourceTree = "<group>"; };
		021C75AE2646864300607FE1 /* MainCoordinator.swift */ = {isa = PBXFileReference; lastKnownFileType = sourcecode.swift; path = MainCoordinator.swift; sourceTree = "<group>"; };
		021C75B52646DAD100607FE1 /* HomeCoordinator.swift */ = {isa = PBXFileReference; lastKnownFileType = sourcecode.swift; path = HomeCoordinator.swift; sourceTree = "<group>"; };
		021C75B92646E37600607FE1 /* HomeDatasource.swift */ = {isa = PBXFileReference; lastKnownFileType = sourcecode.swift; path = HomeDatasource.swift; sourceTree = "<group>"; };
		021C75BE2646E3D100607FE1 /* ProfileCell.swift */ = {isa = PBXFileReference; lastKnownFileType = sourcecode.swift; path = ProfileCell.swift; sourceTree = "<group>"; };
		0238B95C264A4EC300EC352B /* FloatingMovieDescriptionVC.swift */ = {isa = PBXFileReference; lastKnownFileType = sourcecode.swift; path = FloatingMovieDescriptionVC.swift; sourceTree = "<group>"; };
		0238EBAF264534C30049D670 /* TabBar.swift */ = {isa = PBXFileReference; lastKnownFileType = sourcecode.swift; path = TabBar.swift; sourceTree = "<group>"; };
		0238EBB7264564910049D670 /* OutlineTextField.swift */ = {isa = PBXFileReference; lastKnownFileType = sourcecode.swift; path = OutlineTextField.swift; sourceTree = "<group>"; };
		0238EBBA2646430D0049D670 /* UITextField+Extensions.swift */ = {isa = PBXFileReference; lastKnownFileType = sourcecode.swift; path = "UITextField+Extensions.swift"; sourceTree = "<group>"; };
		024083EA266B66E400F40F54 /* TabHeaderCell.swift */ = {isa = PBXFileReference; lastKnownFileType = sourcecode.swift; path = TabHeaderCell.swift; sourceTree = "<group>"; };
		024083ED266B6A6300F40F54 /* TabContentCell.swift */ = {isa = PBXFileReference; lastKnownFileType = sourcecode.swift; path = TabContentCell.swift; sourceTree = "<group>"; };
		024083F2266C842C00F40F54 /* TabHeader.swift */ = {isa = PBXFileReference; lastKnownFileType = sourcecode.swift; path = TabHeader.swift; sourceTree = "<group>"; };
		0240841C266DCCF300F40F54 /* MainVC.swift */ = {isa = PBXFileReference; lastKnownFileType = sourcecode.swift; path = MainVC.swift; sourceTree = "<group>"; };
		024D5D70266DE7EA00980E9A /* UIView+Extension.swift */ = {isa = PBXFileReference; lastKnownFileType = sourcecode.swift; path = "UIView+Extension.swift"; sourceTree = "<group>"; };
		024E04A426576C5500C9E164 /* PickTheaterVC.swift */ = {isa = PBXFileReference; lastKnownFileType = sourcecode.swift; path = PickTheaterVC.swift; sourceTree = "<group>"; };
		024E04A726576CA400C9E164 /* TicketCoordinator.swift */ = {isa = PBXFileReference; lastKnownFileType = sourcecode.swift; path = TicketCoordinator.swift; sourceTree = "<group>"; };
		024E04AB265771FE00C9E164 /* CalendarCell.swift */ = {isa = PBXFileReference; lastKnownFileType = sourcecode.swift; path = CalendarCell.swift; sourceTree = "<group>"; };
		024E04AE2657722600C9E164 /* Calendar.swift */ = {isa = PBXFileReference; lastKnownFileType = sourcecode.swift; path = Calendar.swift; sourceTree = "<group>"; };
		024E04B4265772F900C9E164 /* CalendarDatasource.swift */ = {isa = PBXFileReference; lastKnownFileType = sourcecode.swift; path = CalendarDatasource.swift; sourceTree = "<group>"; };
		024E04BD2657A72B00C9E164 /* OutlineButton+extensions.swift */ = {isa = PBXFileReference; lastKnownFileType = sourcecode.swift; path = "OutlineButton+extensions.swift"; sourceTree = "<group>"; };
		025CF51F2663AA2C00D0112E /* TicketView.swift */ = {isa = PBXFileReference; fileEncoding = 4; lastKnownFileType = sourcecode.swift; path = TicketView.swift; sourceTree = "<group>"; };
		025CF5222663B92000D0112E /* VoucherVC.swift */ = {isa = PBXFileReference; lastKnownFileType = sourcecode.swift; path = VoucherVC.swift; sourceTree = "<group>"; };
		025CF5262663DF2C00D0112E /* Ticket.swift */ = {isa = PBXFileReference; lastKnownFileType = sourcecode.swift; path = Ticket.swift; sourceTree = "<group>"; };
		027708AC26695665006D4304 /* Seat.swift */ = {isa = PBXFileReference; lastKnownFileType = sourcecode.swift; path = Seat.swift; sourceTree = "<group>"; };
		027C3EF726590C4F0048EDCF /* ChooseSeatVC.swift */ = {isa = PBXFileReference; lastKnownFileType = sourcecode.swift; path = ChooseSeatVC.swift; sourceTree = "<group>"; };
		029778192644327E00112F4E /* UIImageView+Extensions.swift */ = {isa = PBXFileReference; lastKnownFileType = sourcecode.swift; path = "UIImageView+Extensions.swift"; sourceTree = "<group>"; };
		0297783C264437D700112F4E /* UILabel+Extensions.swift */ = {isa = PBXFileReference; lastKnownFileType = sourcecode.swift; path = "UILabel+Extensions.swift"; sourceTree = "<group>"; };
		0297783F26443DE200112F4E /* UIStackView+Extensions.swift */ = {isa = PBXFileReference; lastKnownFileType = sourcecode.swift; path = "UIStackView+Extensions.swift"; sourceTree = "<group>"; };
		029778432644400E00112F4E /* OFL.txt */ = {isa = PBXFileReference; fileEncoding = 4; lastKnownFileType = text; path = OFL.txt; sourceTree = "<group>"; };
		029778462644402100112F4E /* Poppins-Medium.ttf */ = {isa = PBXFileReference; lastKnownFileType = file; path = "Poppins-Medium.ttf"; sourceTree = "<group>"; };
		029778472644402100112F4E /* Poppins-Bold.ttf */ = {isa = PBXFileReference; lastKnownFileType = file; path = "Poppins-Bold.ttf"; sourceTree = "<group>"; };
		029778482644402100112F4E /* Poppins-Light.ttf */ = {isa = PBXFileReference; lastKnownFileType = file; path = "Poppins-Light.ttf"; sourceTree = "<group>"; };
		029778492644402100112F4E /* Poppins-Regular.ttf */ = {isa = PBXFileReference; lastKnownFileType = file; path = "Poppins-Regular.ttf"; sourceTree = "<group>"; };
		0297784A2644403600112F4E /* Poppins-Thin.ttf */ = {isa = PBXFileReference; lastKnownFileType = file; path = "Poppins-Thin.ttf"; sourceTree = "<group>"; };
		0297784B2644403700112F4E /* Poppins-SemiBold.ttf */ = {isa = PBXFileReference; lastKnownFileType = file; path = "Poppins-SemiBold.ttf"; sourceTree = "<group>"; };
		02A17BAF266F4671007CFF1C /* AuthenticationFormVC.swift */ = {isa = PBXFileReference; lastKnownFileType = sourcecode.swift; path = AuthenticationFormVC.swift; sourceTree = "<group>"; };
		02A8E29C2654109B009F1C5E /* MovieDetailVC+Layout.swift */ = {isa = PBXFileReference; lastKnownFileType = sourcecode.swift; path = "MovieDetailVC+Layout.swift"; sourceTree = "<group>"; };
		02A8E29F265415C2009F1C5E /* IMDbRatingSV.swift */ = {isa = PBXFileReference; lastKnownFileType = sourcecode.swift; path = IMDbRatingSV.swift; sourceTree = "<group>"; };
		02AE45CA264429A400C7F031 /* Galaxy App.app */ = {isa = PBXFileReference; explicitFileType = wrapper.application; includeInIndex = 0; path = "Galaxy App.app"; sourceTree = BUILT_PRODUCTS_DIR; };
		02AE45CD264429A400C7F031 /* AppDelegate.swift */ = {isa = PBXFileReference; lastKnownFileType = sourcecode.swift; path = AppDelegate.swift; sourceTree = "<group>"; };
		02AE45CF264429A400C7F031 /* SceneDelegate.swift */ = {isa = PBXFileReference; lastKnownFileType = sourcecode.swift; path = SceneDelegate.swift; sourceTree = "<group>"; };
		02AE45D1264429A400C7F031 /* GetStartedVC.swift */ = {isa = PBXFileReference; lastKnownFileType = sourcecode.swift; path = GetStartedVC.swift; sourceTree = "<group>"; };
		02AE45D6264429AA00C7F031 /* Assets.xcassets */ = {isa = PBXFileReference; lastKnownFileType = folder.assetcatalog; path = Assets.xcassets; sourceTree = "<group>"; };
		02AE45D9264429AA00C7F031 /* Base */ = {isa = PBXFileReference; lastKnownFileType = file.storyboard; name = Base; path = Base.lproj/LaunchScreen.storyboard; sourceTree = "<group>"; };
		02AE45DB264429AA00C7F031 /* Info.plist */ = {isa = PBXFileReference; lastKnownFileType = text.plist.xml; path = Info.plist; sourceTree = "<group>"; };
		02B29D2626674E79000B78D6 /* CTAButton.swift */ = {isa = PBXFileReference; lastKnownFileType = sourcecode.swift; path = CTAButton.swift; sourceTree = "<group>"; };
		02B29D2A266755B9000B78D6 /* VerticallyScrollableVC.swift */ = {isa = PBXFileReference; lastKnownFileType = sourcecode.swift; path = VerticallyScrollableVC.swift; sourceTree = "<group>"; };
		02B29D3126677C9B000B78D6 /* SocialButton.swift */ = {isa = PBXFileReference; lastKnownFileType = sourcecode.swift; path = SocialButton.swift; sourceTree = "<group>"; };
		02BF24C8264443F200B257D1 /* UIFont+Extensions.swift */ = {isa = PBXFileReference; lastKnownFileType = sourcecode.swift; path = "UIFont+Extensions.swift"; sourceTree = "<group>"; };
		02BF24CB26446B8D00B257D1 /* OutlineButton.swift */ = {isa = PBXFileReference; lastKnownFileType = sourcecode.swift; path = OutlineButton.swift; sourceTree = "<group>"; };
		02BF24D42645078300B257D1 /* AuthenticationVC.swift */ = {isa = PBXFileReference; lastKnownFileType = sourcecode.swift; path = AuthenticationVC.swift; sourceTree = "<group>"; };
		02D635A72647E3270027A0BA /* MovieCell.swift */ = {isa = PBXFileReference; lastKnownFileType = sourcecode.swift; path = MovieCell.swift; sourceTree = "<group>"; };
		02D635AB2647E37E0027A0BA /* MovieHeader.swift */ = {isa = PBXFileReference; lastKnownFileType = sourcecode.swift; path = MovieHeader.swift; sourceTree = "<group>"; };
		02D635AF2647E4670027A0BA /* Movie.swift */ = {isa = PBXFileReference; lastKnownFileType = sourcecode.swift; path = Movie.swift; sourceTree = "<group>"; };
		02D635B426481E1A0027A0BA /* Bundle+Extensions.swift */ = {isa = PBXFileReference; lastKnownFileType = sourcecode.swift; path = "Bundle+Extensions.swift"; sourceTree = "<group>"; };
		02D635B9264821D40027A0BA /* Movies.json */ = {isa = PBXFileReference; fileEncoding = 4; lastKnownFileType = text.json; path = Movies.json; sourceTree = "<group>"; };
		02D635BC264857AE0027A0BA /* MovieDetailVC.swift */ = {isa = PBXFileReference; lastKnownFileType = sourcecode.swift; path = MovieDetailVC.swift; sourceTree = "<group>"; };
		02D635C2264861170027A0BA /* SideMenuVC.swift */ = {isa = PBXFileReference; lastKnownFileType = sourcecode.swift; path = SideMenuVC.swift; sourceTree = "<group>"; };
		02D6E41C265FD08300F8791C /* PromocodeCell.swift */ = {isa = PBXFileReference; lastKnownFileType = sourcecode.swift; path = PromocodeCell.swift; sourceTree = "<group>"; };
		02D6E420265FD4CA00F8791C /* Poppins-Italic.ttf */ = {isa = PBXFileReference; lastKnownFileType = file; path = "Poppins-Italic.ttf"; sourceTree = "<group>"; };
		02D6E424265FDAC600F8791C /* PaymentMethodCell.swift */ = {isa = PBXFileReference; lastKnownFileType = sourcecode.swift; path = PaymentMethodCell.swift; sourceTree = "<group>"; };
		02D6E42C265FE86E00F8791C /* CheckoutVC.swift */ = {isa = PBXFileReference; lastKnownFileType = sourcecode.swift; path = CheckoutVC.swift; sourceTree = "<group>"; };
		02D6E42F26600F4E00F8791C /* CreditCardCell.swift */ = {isa = PBXFileReference; lastKnownFileType = sourcecode.swift; path = CreditCardCell.swift; sourceTree = "<group>"; };
		02D6E4372660102500F8791C /* CreditCard.swift */ = {isa = PBXFileReference; lastKnownFileType = sourcecode.swift; path = CreditCard.swift; sourceTree = "<group>"; };
		02D6E43A2660106F00F8791C /* CreditCardDatasource.swift */ = {isa = PBXFileReference; lastKnownFileType = sourcecode.swift; path = CreditCardDatasource.swift; sourceTree = "<group>"; };
		02D6E43D266010DA00F8791C /* Date+extension.swift */ = {isa = PBXFileReference; lastKnownFileType = sourcecode.swift; path = "Date+extension.swift"; sourceTree = "<group>"; };
		02D6E4402660AB3B00F8791C /* String+extensions.swift */ = {isa = PBXFileReference; lastKnownFileType = sourcecode.swift; path = "String+extensions.swift"; sourceTree = "<group>"; };
		02D9940B26668EE400C7A00A /* BackButton.swift */ = {isa = PBXFileReference; lastKnownFileType = sourcecode.swift; path = BackButton.swift; sourceTree = "<group>"; };
		02D9940F266690CB00C7A00A /* CloseButton.swift */ = {isa = PBXFileReference; lastKnownFileType = sourcecode.swift; path = CloseButton.swift; sourceTree = "<group>"; };
		02D994132666921F00C7A00A /* CalendarCollectionView.swift */ = {isa = PBXFileReference; lastKnownFileType = sourcecode.swift; path = CalendarCollectionView.swift; sourceTree = "<group>"; };
		02DF7F3B2670B22C00D2F01C /* PickTheaterCollectionView.swift */ = {isa = PBXFileReference; lastKnownFileType = sourcecode.swift; path = PickTheaterCollectionView.swift; sourceTree = "<group>"; };
		02DF7F3D2670B68200D2F01C /* PickTheaterDatasource.swift */ = {isa = PBXFileReference; lastKnownFileType = sourcecode.swift; path = PickTheaterDatasource.swift; sourceTree = "<group>"; };
		02DF7F3F2670BB6700D2F01C /* PickTheaterCell.swift */ = {isa = PBXFileReference; lastKnownFileType = sourcecode.swift; path = PickTheaterCell.swift; sourceTree = "<group>"; };
		02DF7F412670D09B00D2F01C /* ChooseTheaterVO.swift */ = {isa = PBXFileReference; lastKnownFileType = sourcecode.swift; path = ChooseTheaterVO.swift; sourceTree = "<group>"; };
		02F88809265A098F00C8D3F3 /* ProjectorView.swift */ = {isa = PBXFileReference; lastKnownFileType = sourcecode.swift; path = ProjectorView.swift; sourceTree = "<group>"; };
		02F8880C265A0B9F00C8D3F3 /* SeatingPlanCollectionView.swift */ = {isa = PBXFileReference; lastKnownFileType = sourcecode.swift; path = SeatingPlanCollectionView.swift; sourceTree = "<group>"; };
		02F88810265A0C2E00C8D3F3 /* SeatCell.swift */ = {isa = PBXFileReference; lastKnownFileType = sourcecode.swift; path = SeatCell.swift; sourceTree = "<group>"; };
		02F88813265A0CC700C8D3F3 /* SeatingPlanDatasource.swift */ = {isa = PBXFileReference; lastKnownFileType = sourcecode.swift; path = SeatingPlanDatasource.swift; sourceTree = "<group>"; };
		02F88816265A167C00C8D3F3 /* DashView.swift */ = {isa = PBXFileReference; lastKnownFileType = sourcecode.swift; path = DashView.swift; sourceTree = "<group>"; };
		02F88820265A505700C8D3F3 /* AdditionalServiceVC.swift */ = {isa = PBXFileReference; lastKnownFileType = sourcecode.swift; path = AdditionalServiceVC.swift; sourceTree = "<group>"; };
		02F88825265AA8B600C8D3F3 /* CountButtonGroup.swift */ = {isa = PBXFileReference; lastKnownFileType = sourcecode.swift; path = CountButtonGroup.swift; sourceTree = "<group>"; };
		1264DFEE3EFA0F2B1A8CA3E9 /* Pods-Galaxy App.debug.xcconfig */ = {isa = PBXFileReference; includeInIndex = 1; lastKnownFileType = text.xcconfig; name = "Pods-Galaxy App.debug.xcconfig"; path = "Target Support Files/Pods-Galaxy App/Pods-Galaxy App.debug.xcconfig"; sourceTree = "<group>"; };
		60DCA23893A73D92AF63029D /* Pods_Galaxy_App.framework */ = {isa = PBXFileReference; explicitFileType = wrapper.framework; includeInIndex = 0; path = Pods_Galaxy_App.framework; sourceTree = BUILT_PRODUCTS_DIR; };
		E129F1C46375C9B536E4A283 /* Pods-Galaxy App.release.xcconfig */ = {isa = PBXFileReference; includeInIndex = 1; lastKnownFileType = text.xcconfig; name = "Pods-Galaxy App.release.xcconfig"; path = "Target Support Files/Pods-Galaxy App/Pods-Galaxy App.release.xcconfig"; sourceTree = "<group>"; };
/* End PBXFileReference section */

/* Begin PBXFrameworksBuildPhase section */
		02AE45C7264429A400C7F031 /* Frameworks */ = {
			isa = PBXFrameworksBuildPhase;
			buildActionMask = 2147483647;
			files = (
				3833819662C3DFFD4A9F3139 /* Pods_Galaxy_App.framework in Frameworks */,
			);
			runOnlyForDeploymentPostprocessing = 0;
		};
/* End PBXFrameworksBuildPhase section */

/* Begin PBXGroup section */
		020E6A5D26442F7C00636EE6 /* Extensions */ = {
			isa = PBXGroup;
			children = (
				020E6A6326442FBB00636EE6 /* UIColor+Extensions.swift */,
				029778192644327E00112F4E /* UIImageView+Extensions.swift */,
				0297783C264437D700112F4E /* UILabel+Extensions.swift */,
				0297783F26443DE200112F4E /* UIStackView+Extensions.swift */,
				02BF24C8264443F200B257D1 /* UIFont+Extensions.swift */,
				0238EBBA2646430D0049D670 /* UITextField+Extensions.swift */,
				021C75A326464E5800607FE1 /* UIButton+Extensions.swift */,
				02D635B426481E1A0027A0BA /* Bundle+Extensions.swift */,
				024E04BD2657A72B00C9E164 /* OutlineButton+extensions.swift */,
				02D6E43D266010DA00F8791C /* Date+extension.swift */,
				02D6E4402660AB3B00F8791C /* String+extensions.swift */,
				024D5D70266DE7EA00980E9A /* UIView+Extension.swift */,
			);
			path = Extensions;
			sourceTree = "<group>";
		};
		020E6A5E26442F8000636EE6 /* View Controllers */ = {
			isa = PBXGroup;
			children = (
				02B29D2A266755B9000B78D6 /* VerticallyScrollableVC.swift */,
				02AE45D1264429A400C7F031 /* GetStartedVC.swift */,
				02DF7F3A2670B0C000D2F01C /* Side Menu */,
				02BF24D726452D6B00B257D1 /* Authentication */,
				02D635C0264858660027A0BA /* Home */,
				024E04A326576BB600C9E164 /* Ticket */,
			);
			path = "View Controllers";
			sourceTree = "<group>";
		};
		020E6A5F26442F8600636EE6 /* Views */ = {
			isa = PBXGroup;
			children = (
				02D635AA2647E36A0027A0BA /* Headers */,
				021C75BD2646E3C500607FE1 /* Cells */,
				02BF24CB26446B8D00B257D1 /* OutlineButton.swift */,
				02B29D2626674E79000B78D6 /* CTAButton.swift */,
				02B29D3126677C9B000B78D6 /* SocialButton.swift */,
				02D9940B26668EE400C7A00A /* BackButton.swift */,
				02D9940F266690CB00C7A00A /* CloseButton.swift */,
				0238EBAF264534C30049D670 /* TabBar.swift */,
				024083F2266C842C00F40F54 /* TabHeader.swift */,
				0238EBB7264564910049D670 /* OutlineTextField.swift */,
				02A8E29F265415C2009F1C5E /* IMDbRatingSV.swift */,
				02F88809265A098F00C8D3F3 /* ProjectorView.swift */,
				02F8880C265A0B9F00C8D3F3 /* SeatingPlanCollectionView.swift */,
				02F88816265A167C00C8D3F3 /* DashView.swift */,
				02F88825265AA8B600C8D3F3 /* CountButtonGroup.swift */,
				021683DF2671CD3C007072DD /* ComboSetCell.swift */,
				02D6E41C265FD08300F8791C /* PromocodeCell.swift */,
				02D6E424265FDAC600F8791C /* PaymentMethodCell.swift */,
				025CF51F2663AA2C00D0112E /* TicketView.swift */,
				02D994132666921F00C7A00A /* CalendarCollectionView.swift */,
				02DF7F3B2670B22C00D2F01C /* PickTheaterCollectionView.swift */,
				021683DD2671CA9D007072DD /* AdditionalServiceCollectionView.swift */,
			);
			path = Views;
			sourceTree = "<group>";
		};
		020E6A6026442F8B00636EE6 /* Delegates */ = {
			isa = PBXGroup;
			children = (
				02AE45CD264429A400C7F031 /* AppDelegate.swift */,
				02AE45CF264429A400C7F031 /* SceneDelegate.swift */,
			);
			path = Delegates;
			sourceTree = "<group>";
		};
		020E6A6126442F9200636EE6 /* Resources */ = {
			isa = PBXGroup;
			children = (
				02AE45D6264429AA00C7F031 /* Assets.xcassets */,
				02AE45D8264429AA00C7F031 /* LaunchScreen.storyboard */,
			);
			path = Resources;
			sourceTree = "<group>";
		};
		021C75A9264685D500607FE1 /* Coordinators */ = {
			isa = PBXGroup;
			children = (
				021C75AA264685E100607FE1 /* Coordinator.swift */,
				021C75AE2646864300607FE1 /* MainCoordinator.swift */,
				021C75B52646DAD100607FE1 /* HomeCoordinator.swift */,
				024E04A726576CA400C9E164 /* TicketCoordinator.swift */,
			);
			path = Coordinators;
			sourceTree = "<group>";
		};
		021C75B82646E36B00607FE1 /* Datasources */ = {
			isa = PBXGroup;
			children = (
				021C75B92646E37600607FE1 /* HomeDatasource.swift */,
				020032F02656265700C71FDF /* CastDatasource.swift */,
				024E04B4265772F900C9E164 /* CalendarDatasource.swift */,
				02F88813265A0CC700C8D3F3 /* SeatingPlanDatasource.swift */,
				02D6E43A2660106F00F8791C /* CreditCardDatasource.swift */,
				02DF7F3D2670B68200D2F01C /* PickTheaterDatasource.swift */,
				021683E12671DB96007072DD /* AdditionalServiceDatasource.swift */,
			);
			path = Datasources;
			sourceTree = "<group>";
		};
		021C75BD2646E3C500607FE1 /* Cells */ = {
			isa = PBXGroup;
			children = (
				021C75BE2646E3D100607FE1 /* ProfileCell.swift */,
				02D635A72647E3270027A0BA /* MovieCell.swift */,
				020032ED265625AB00C71FDF /* CastCell.swift */,
				024E04AB265771FE00C9E164 /* CalendarCell.swift */,
				02F88810265A0C2E00C8D3F3 /* SeatCell.swift */,
				02D6E42F26600F4E00F8791C /* CreditCardCell.swift */,
				024083EA266B66E400F40F54 /* TabHeaderCell.swift */,
				024083ED266B6A6300F40F54 /* TabContentCell.swift */,
				02DF7F3F2670BB6700D2F01C /* PickTheaterCell.swift */,
			);
			path = Cells;
			sourceTree = "<group>";
		};
		024E04A326576BB600C9E164 /* Ticket */ = {
			isa = PBXGroup;
			children = (
				027C3EF326590B9A0048EDCF /* Pick Theater */,
				027C3EF526590BB00048EDCF /* Choose Seat */,
				02F88819265A4EF200C8D3F3 /* Issue Voucher */,
			);
			path = Ticket;
			sourceTree = "<group>";
		};
		027C3EF326590B9A0048EDCF /* Pick Theater */ = {
			isa = PBXGroup;
			children = (
				024E04A426576C5500C9E164 /* PickTheaterVC.swift */,
			);
			path = "Pick Theater";
			sourceTree = "<group>";
		};
		027C3EF526590BB00048EDCF /* Choose Seat */ = {
			isa = PBXGroup;
			children = (
				027C3EF726590C4F0048EDCF /* ChooseSeatVC.swift */,
			);
			path = "Choose Seat";
			sourceTree = "<group>";
		};
		029778202644357B00112F4E /* Fonts */ = {
			isa = PBXGroup;
			children = (
				029778472644402100112F4E /* Poppins-Bold.ttf */,
				029778482644402100112F4E /* Poppins-Light.ttf */,
				0297784B2644403700112F4E /* Poppins-SemiBold.ttf */,
				02D6E420265FD4CA00F8791C /* Poppins-Italic.ttf */,
				0297784A2644403600112F4E /* Poppins-Thin.ttf */,
				029778462644402100112F4E /* Poppins-Medium.ttf */,
				029778492644402100112F4E /* Poppins-Regular.ttf */,
				029778432644400E00112F4E /* OFL.txt */,
			);
			path = Fonts;
			sourceTree = "<group>";
		};
		02AE45C1264429A400C7F031 = {
			isa = PBXGroup;
			children = (
				02AE45CC264429A400C7F031 /* Galaxy App */,
				02AE45CB264429A400C7F031 /* Products */,
				F68018FEA9D6F7252585C7D3 /* Pods */,
				E8790FB51FD968D15254FBC9 /* Frameworks */,
			);
			sourceTree = "<group>";
		};
		02AE45CB264429A400C7F031 /* Products */ = {
			isa = PBXGroup;
			children = (
				02AE45CA264429A400C7F031 /* Galaxy App.app */,
			);
			name = Products;
			sourceTree = "<group>";
		};
		02AE45CC264429A400C7F031 /* Galaxy App */ = {
			isa = PBXGroup;
			children = (
				021C75B82646E36B00607FE1 /* Datasources */,
				02D635AE2647E45F0027A0BA /* Models */,
				020E6A5F26442F8600636EE6 /* Views */,
				020E6A5E26442F8000636EE6 /* View Controllers */,
				020E6A6026442F8B00636EE6 /* Delegates */,
				020E6A6126442F9200636EE6 /* Resources */,
				02BF24CE2645034B00B257D1 /* Helpers */,
				029778202644357B00112F4E /* Fonts */,
				02AE45DB264429AA00C7F031 /* Info.plist */,
				02D635B9264821D40027A0BA /* Movies.json */,
			);
			path = "Galaxy App";
			sourceTree = "<group>";
		};
		02BF24CE2645034B00B257D1 /* Helpers */ = {
			isa = PBXGroup;
			children = (
				021C75A9264685D500607FE1 /* Coordinators */,
				020E6A5D26442F7C00636EE6 /* Extensions */,
			);
			path = Helpers;
			sourceTree = "<group>";
		};
		02BF24D726452D6B00B257D1 /* Authentication */ = {
			isa = PBXGroup;
			children = (
				02BF24D42645078300B257D1 /* AuthenticationVC.swift */,
				02A17BAF266F4671007CFF1C /* AuthenticationFormVC.swift */,
			);
			path = Authentication;
			sourceTree = "<group>";
		};
		02C9235F2668A8790092FF58 /* Movie Detail */ = {
			isa = PBXGroup;
			children = (
				02D635BC264857AE0027A0BA /* MovieDetailVC.swift */,
				02A8E29C2654109B009F1C5E /* MovieDetailVC+Layout.swift */,
				0238B95C264A4EC300EC352B /* FloatingMovieDescriptionVC.swift */,
				020032F32656284C00C71FDF /* FloatingMovieDescriptionVC+CollectionViewDelegate.swift */,
			);
			path = "Movie Detail";
			sourceTree = "<group>";
		};
		02D635AA2647E36A0027A0BA /* Headers */ = {
			isa = PBXGroup;
			children = (
				02D635AB2647E37E0027A0BA /* MovieHeader.swift */,
			);
			path = Headers;
			sourceTree = "<group>";
		};
		02D635AE2647E45F0027A0BA /* Models */ = {
			isa = PBXGroup;
			children = (
				02DF7F412670D09B00D2F01C /* ChooseTheaterVO.swift */,
				02D635AF2647E4670027A0BA /* Movie.swift */,
				024E04AE2657722600C9E164 /* Calendar.swift */,
				02D6E4372660102500F8791C /* CreditCard.swift */,
				025CF5262663DF2C00D0112E /* Ticket.swift */,
				027708AC26695665006D4304 /* Seat.swift */,
			);
			path = Models;
			sourceTree = "<group>";
		};
		02D635C0264858660027A0BA /* Home */ = {
			isa = PBXGroup;
			children = (
				021C75A6264684F700607FE1 /* HomeVC.swift */,
				02C9235F2668A8790092FF58 /* Movie Detail */,
			);
			path = Home;
			sourceTree = "<group>";
		};
		02DF7F3A2670B0C000D2F01C /* Side Menu */ = {
			isa = PBXGroup;
			children = (
				0240841C266DCCF300F40F54 /* MainVC.swift */,
				02D635C2264861170027A0BA /* SideMenuVC.swift */,
			);
			path = "Side Menu";
			sourceTree = "<group>";
		};
		02F88819265A4EF200C8D3F3 /* Issue Voucher */ = {
			isa = PBXGroup;
			children = (
				02F88820265A505700C8D3F3 /* AdditionalServiceVC.swift */,
				02D6E42C265FE86E00F8791C /* CheckoutVC.swift */,
				025CF5222663B92000D0112E /* VoucherVC.swift */,
			);
			path = "Issue Voucher";
			sourceTree = "<group>";
		};
		E8790FB51FD968D15254FBC9 /* Frameworks */ = {
			isa = PBXGroup;
			children = (
				60DCA23893A73D92AF63029D /* Pods_Galaxy_App.framework */,
			);
			name = Frameworks;
			sourceTree = "<group>";
		};
		F68018FEA9D6F7252585C7D3 /* Pods */ = {
			isa = PBXGroup;
			children = (
				1264DFEE3EFA0F2B1A8CA3E9 /* Pods-Galaxy App.debug.xcconfig */,
				E129F1C46375C9B536E4A283 /* Pods-Galaxy App.release.xcconfig */,
			);
			path = Pods;
			sourceTree = "<group>";
		};
/* End PBXGroup section */

/* Begin PBXNativeTarget section */
		02AE45C9264429A400C7F031 /* Galaxy App */ = {
			isa = PBXNativeTarget;
			buildConfigurationList = 02AE45DE264429AA00C7F031 /* Build configuration list for PBXNativeTarget "Galaxy App" */;
			buildPhases = (
				C38C6D47BA24EF935229313A /* [CP] Check Pods Manifest.lock */,
				02AE45C6264429A400C7F031 /* Sources */,
				02AE45C7264429A400C7F031 /* Frameworks */,
				02AE45C8264429A400C7F031 /* Resources */,
				B5302A79A810550B478B4FA9 /* [CP] Embed Pods Frameworks */,
			);
			buildRules = (
			);
			dependencies = (
			);
			name = "Galaxy App";
			productName = "Galaxy App";
			productReference = 02AE45CA264429A400C7F031 /* Galaxy App.app */;
			productType = "com.apple.product-type.application";
		};
/* End PBXNativeTarget section */

/* Begin PBXProject section */
		02AE45C2264429A400C7F031 /* Project object */ = {
			isa = PBXProject;
			attributes = {
				LastSwiftUpdateCheck = 1240;
				LastUpgradeCheck = 1240;
				TargetAttributes = {
					02AE45C9264429A400C7F031 = {
						CreatedOnToolsVersion = 12.4;
					};
				};
			};
			buildConfigurationList = 02AE45C5264429A400C7F031 /* Build configuration list for PBXProject "Galaxy App" */;
			compatibilityVersion = "Xcode 9.3";
			developmentRegion = en;
			hasScannedForEncodings = 0;
			knownRegions = (
				en,
				Base,
			);
			mainGroup = 02AE45C1264429A400C7F031;
			productRefGroup = 02AE45CB264429A400C7F031 /* Products */;
			projectDirPath = "";
			projectRoot = "";
			targets = (
				02AE45C9264429A400C7F031 /* Galaxy App */,
			);
		};
/* End PBXProject section */

/* Begin PBXResourcesBuildPhase section */
		02AE45C8264429A400C7F031 /* Resources */ = {
			isa = PBXResourcesBuildPhase;
			buildActionMask = 2147483647;
			files = (
				029778442644400E00112F4E /* OFL.txt in Resources */,
				02BF24C2264441AD00B257D1 /* Poppins-Light.ttf in Resources */,
				02D635BA264821D40027A0BA /* Movies.json in Resources */,
				02BF24C4264441AD00B257D1 /* Poppins-Regular.ttf in Resources */,
				02BF24C5264441AD00B257D1 /* Poppins-Bold.ttf in Resources */,
				02BF24C1264441AD00B257D1 /* Poppins-SemiBold.ttf in Resources */,
				02BF24C3264441AD00B257D1 /* Poppins-Thin.ttf in Resources */,
				02D6E422265FD54000F8791C /* Poppins-Italic.ttf in Resources */,
				02BF24C6264441AD00B257D1 /* Poppins-Medium.ttf in Resources */,
				02AE45DA264429AA00C7F031 /* LaunchScreen.storyboard in Resources */,
				02AE45D7264429AA00C7F031 /* Assets.xcassets in Resources */,
			);
			runOnlyForDeploymentPostprocessing = 0;
		};
/* End PBXResourcesBuildPhase section */

/* Begin PBXShellScriptBuildPhase section */
		B5302A79A810550B478B4FA9 /* [CP] Embed Pods Frameworks */ = {
			isa = PBXShellScriptBuildPhase;
			buildActionMask = 2147483647;
			files = (
			);
			inputFileListPaths = (
				"${PODS_ROOT}/Target Support Files/Pods-Galaxy App/Pods-Galaxy App-frameworks-${CONFIGURATION}-input-files.xcfilelist",
			);
			name = "[CP] Embed Pods Frameworks";
			outputFileListPaths = (
				"${PODS_ROOT}/Target Support Files/Pods-Galaxy App/Pods-Galaxy App-frameworks-${CONFIGURATION}-output-files.xcfilelist",
			);
			runOnlyForDeploymentPostprocessing = 0;
			shellPath = /bin/sh;
			shellScript = "\"${PODS_ROOT}/Target Support Files/Pods-Galaxy App/Pods-Galaxy App-frameworks.sh\"\n";
			showEnvVarsInLog = 0;
		};
		C38C6D47BA24EF935229313A /* [CP] Check Pods Manifest.lock */ = {
			isa = PBXShellScriptBuildPhase;
			buildActionMask = 2147483647;
			files = (
			);
			inputFileListPaths = (
			);
			inputPaths = (
				"${PODS_PODFILE_DIR_PATH}/Podfile.lock",
				"${PODS_ROOT}/Manifest.lock",
			);
			name = "[CP] Check Pods Manifest.lock";
			outputFileListPaths = (
			);
			outputPaths = (
				"$(DERIVED_FILE_DIR)/Pods-Galaxy App-checkManifestLockResult.txt",
			);
			runOnlyForDeploymentPostprocessing = 0;
			shellPath = /bin/sh;
			shellScript = "diff \"${PODS_PODFILE_DIR_PATH}/Podfile.lock\" \"${PODS_ROOT}/Manifest.lock\" > /dev/null\nif [ $? != 0 ] ; then\n    # print error to STDERR\n    echo \"error: The sandbox is not in sync with the Podfile.lock. Run 'pod install' or update your CocoaPods installation.\" >&2\n    exit 1\nfi\n# This output is used by Xcode 'outputs' to avoid re-running this script phase.\necho \"SUCCESS\" > \"${SCRIPT_OUTPUT_FILE_0}\"\n";
			showEnvVarsInLog = 0;
		};
/* End PBXShellScriptBuildPhase section */

/* Begin PBXSourcesBuildPhase section */
		02AE45C6264429A400C7F031 /* Sources */ = {
			isa = PBXSourcesBuildPhase;
			buildActionMask = 2147483647;
			files = (
				02D6E43026600F4E00F8791C /* CreditCardCell.swift in Sources */,
				02D635C3264861170027A0BA /* SideMenuVC.swift in Sources */,
				02D994142666921F00C7A00A /* CalendarCollectionView.swift in Sources */,
				024E04A526576C5500C9E164 /* PickTheaterVC.swift in Sources */,
				027C3EF826590C4F0048EDCF /* ChooseSeatVC.swift in Sources */,
				02A17BB0266F4671007CFF1C /* AuthenticationFormVC.swift in Sources */,
				02F8880A265A098F00C8D3F3 /* ProjectorView.swift in Sources */,
				020032F12656265700C71FDF /* CastDatasource.swift in Sources */,
				021683DE2671CA9D007072DD /* AdditionalServiceCollectionView.swift in Sources */,
				021C75AF2646864300607FE1 /* MainCoordinator.swift in Sources */,
				02F8880D265A0B9F00C8D3F3 /* SeatingPlanCollectionView.swift in Sources */,
				025CF5272663DF2C00D0112E /* Ticket.swift in Sources */,
				02DF7F422670D09B00D2F01C /* ChooseTheaterVO.swift in Sources */,
				021C75BA2646E37600607FE1 /* HomeDatasource.swift in Sources */,
				0297783D264437D700112F4E /* UILabel+Extensions.swift in Sources */,
				02DF7F3E2670B68200D2F01C /* PickTheaterDatasource.swift in Sources */,
				024083EE266B6A6300F40F54 /* TabContentCell.swift in Sources */,
				02D6E425265FDAC600F8791C /* PaymentMethodCell.swift in Sources */,
				027708AD26695665006D4304 /* Seat.swift in Sources */,
				0238B95D264A4EC300EC352B /* FloatingMovieDescriptionVC.swift in Sources */,
				021683E22671DB96007072DD /* AdditionalServiceDatasource.swift in Sources */,
				02F88821265A505700C8D3F3 /* AdditionalServiceVC.swift in Sources */,
				0238EBB0264534C30049D670 /* TabBar.swift in Sources */,
				020032F42656284C00C71FDF /* FloatingMovieDescriptionVC+CollectionViewDelegate.swift in Sources */,
				02D6E4382660102500F8791C /* CreditCard.swift in Sources */,
				0238EBBB2646430D0049D670 /* UITextField+Extensions.swift in Sources */,
				02B29D2726674E79000B78D6 /* CTAButton.swift in Sources */,
				0297781A2644327E00112F4E /* UIImageView+Extensions.swift in Sources */,
				02A8E29D2654109B009F1C5E /* MovieDetailVC+Layout.swift in Sources */,
				02D9940C26668EE400C7A00A /* BackButton.swift in Sources */,
				02BF24D52645078300B257D1 /* AuthenticationVC.swift in Sources */,
				024083F3266C842C00F40F54 /* TabHeader.swift in Sources */,
				0240841D266DCCF300F40F54 /* MainVC.swift in Sources */,
				02BF24C9264443F200B257D1 /* UIFont+Extensions.swift in Sources */,
				02B29D2B266755B9000B78D6 /* VerticallyScrollableVC.swift in Sources */,
				02D635B02647E4670027A0BA /* Movie.swift in Sources */,
				02D6E4412660AB3B00F8791C /* String+extensions.swift in Sources */,
				024083EB266B66E400F40F54 /* TabHeaderCell.swift in Sources */,
				025CF5232663B92000D0112E /* VoucherVC.swift in Sources */,
				02F88811265A0C2E00C8D3F3 /* SeatCell.swift in Sources */,
				02AE45D2264429A400C7F031 /* GetStartedVC.swift in Sources */,
				024E04AF2657722600C9E164 /* Calendar.swift in Sources */,
				02AE45CE264429A400C7F031 /* AppDelegate.swift in Sources */,
				0238EBB8264564910049D670 /* OutlineTextField.swift in Sources */,
				024E04BE2657A72B00C9E164 /* OutlineButton+extensions.swift in Sources */,
				021C75AB264685E100607FE1 /* Coordinator.swift in Sources */,
				02BF24CC26446B8D00B257D1 /* OutlineButton.swift in Sources */,
				021C75A426464E5800607FE1 /* UIButton+Extensions.swift in Sources */,
				02DF7F3C2670B22C00D2F01C /* PickTheaterCollectionView.swift in Sources */,
				024D5D71266DE7EA00980E9A /* UIView+Extension.swift in Sources */,
				02D6E43E266010DA00F8791C /* Date+extension.swift in Sources */,
				024E04B5265772F900C9E164 /* CalendarDatasource.swift in Sources */,
				0297784026443DE200112F4E /* UIStackView+Extensions.swift in Sources */,
				02D635AC2647E37E0027A0BA /* MovieHeader.swift in Sources */,
				02AE45D0264429A400C7F031 /* SceneDelegate.swift in Sources */,
				02F88814265A0CC700C8D3F3 /* SeatingPlanDatasource.swift in Sources */,
				02D99410266690CB00C7A00A /* CloseButton.swift in Sources */,
				02D635BD264857AE0027A0BA /* MovieDetailVC.swift in Sources */,
				02D6E42D265FE86E00F8791C /* CheckoutVC.swift in Sources */,
				021C75A7264684F700607FE1 /* HomeVC.swift in Sources */,
				02F88817265A167C00C8D3F3 /* DashView.swift in Sources */,
				021683E02671CD3C007072DD /* ComboSetCell.swift in Sources */,
				02A8E2A0265415C2009F1C5E /* IMDbRatingSV.swift in Sources */,
				02D6E43B2660106F00F8791C /* CreditCardDatasource.swift in Sources */,
				020032EE265625AB00C71FDF /* CastCell.swift in Sources */,
				021C75BF2646E3D100607FE1 /* ProfileCell.swift in Sources */,
				020E6A6426442FBB00636EE6 /* UIColor+Extensions.swift in Sources */,
				024E04A826576CA400C9E164 /* TicketCoordinator.swift in Sources */,
				02B29D3226677C9B000B78D6 /* SocialButton.swift in Sources */,
				02D635A82647E3270027A0BA /* MovieCell.swift in Sources */,
				021C75B62646DAD100607FE1 /* HomeCoordinator.swift in Sources */,
				024E04AC265771FE00C9E164 /* CalendarCell.swift in Sources */,
				02D6E41D265FD08300F8791C /* PromocodeCell.swift in Sources */,
				02D635B526481E1A0027A0BA /* Bundle+Extensions.swift in Sources */,
				02F88826265AA8B600C8D3F3 /* CountButtonGroup.swift in Sources */,
				02DF7F402670BB6700D2F01C /* PickTheaterCell.swift in Sources */,
				025CF5202663AA2C00D0112E /* TicketView.swift in Sources */,
			);
			runOnlyForDeploymentPostprocessing = 0;
		};
/* End PBXSourcesBuildPhase section */

/* Begin PBXVariantGroup section */
		02AE45D8264429AA00C7F031 /* LaunchScreen.storyboard */ = {
			isa = PBXVariantGroup;
			children = (
				02AE45D9264429AA00C7F031 /* Base */,
			);
			name = LaunchScreen.storyboard;
			sourceTree = "<group>";
		};
/* End PBXVariantGroup section */

/* Begin XCBuildConfiguration section */
		02AE45DC264429AA00C7F031 /* Debug */ = {
			isa = XCBuildConfiguration;
			buildSettings = {
				ALWAYS_SEARCH_USER_PATHS = NO;
				CLANG_ANALYZER_NONNULL = YES;
				CLANG_ANALYZER_NUMBER_OBJECT_CONVERSION = YES_AGGRESSIVE;
				CLANG_CXX_LANGUAGE_STANDARD = "gnu++14";
				CLANG_CXX_LIBRARY = "libc++";
				CLANG_ENABLE_MODULES = YES;
				CLANG_ENABLE_OBJC_ARC = YES;
				CLANG_ENABLE_OBJC_WEAK = YES;
				CLANG_WARN_BLOCK_CAPTURE_AUTORELEASING = YES;
				CLANG_WARN_BOOL_CONVERSION = YES;
				CLANG_WARN_COMMA = YES;
				CLANG_WARN_CONSTANT_CONVERSION = YES;
				CLANG_WARN_DEPRECATED_OBJC_IMPLEMENTATIONS = YES;
				CLANG_WARN_DIRECT_OBJC_ISA_USAGE = YES_ERROR;
				CLANG_WARN_DOCUMENTATION_COMMENTS = YES;
				CLANG_WARN_EMPTY_BODY = YES;
				CLANG_WARN_ENUM_CONVERSION = YES;
				CLANG_WARN_INFINITE_RECURSION = YES;
				CLANG_WARN_INT_CONVERSION = YES;
				CLANG_WARN_NON_LITERAL_NULL_CONVERSION = YES;
				CLANG_WARN_OBJC_IMPLICIT_RETAIN_SELF = YES;
				CLANG_WARN_OBJC_LITERAL_CONVERSION = YES;
				CLANG_WARN_OBJC_ROOT_CLASS = YES_ERROR;
				CLANG_WARN_QUOTED_INCLUDE_IN_FRAMEWORK_HEADER = YES;
				CLANG_WARN_RANGE_LOOP_ANALYSIS = YES;
				CLANG_WARN_STRICT_PROTOTYPES = YES;
				CLANG_WARN_SUSPICIOUS_MOVE = YES;
				CLANG_WARN_UNGUARDED_AVAILABILITY = YES_AGGRESSIVE;
				CLANG_WARN_UNREACHABLE_CODE = YES;
				CLANG_WARN__DUPLICATE_METHOD_MATCH = YES;
				COPY_PHASE_STRIP = NO;
				DEBUG_INFORMATION_FORMAT = dwarf;
				ENABLE_STRICT_OBJC_MSGSEND = YES;
				ENABLE_TESTABILITY = YES;
				GCC_C_LANGUAGE_STANDARD = gnu11;
				GCC_DYNAMIC_NO_PIC = NO;
				GCC_NO_COMMON_BLOCKS = YES;
				GCC_OPTIMIZATION_LEVEL = 0;
				GCC_PREPROCESSOR_DEFINITIONS = (
					"DEBUG=1",
					"$(inherited)",
				);
				GCC_WARN_64_TO_32_BIT_CONVERSION = YES;
				GCC_WARN_ABOUT_RETURN_TYPE = YES_ERROR;
				GCC_WARN_UNDECLARED_SELECTOR = YES;
				GCC_WARN_UNINITIALIZED_AUTOS = YES_AGGRESSIVE;
				GCC_WARN_UNUSED_FUNCTION = YES;
				GCC_WARN_UNUSED_VARIABLE = YES;
				IPHONEOS_DEPLOYMENT_TARGET = 14.4;
				MTL_ENABLE_DEBUG_INFO = INCLUDE_SOURCE;
				MTL_FAST_MATH = YES;
				ONLY_ACTIVE_ARCH = YES;
				SDKROOT = iphoneos;
				SWIFT_ACTIVE_COMPILATION_CONDITIONS = DEBUG;
				SWIFT_OPTIMIZATION_LEVEL = "-Onone";
			};
			name = Debug;
		};
		02AE45DD264429AA00C7F031 /* Release */ = {
			isa = XCBuildConfiguration;
			buildSettings = {
				ALWAYS_SEARCH_USER_PATHS = NO;
				CLANG_ANALYZER_NONNULL = YES;
				CLANG_ANALYZER_NUMBER_OBJECT_CONVERSION = YES_AGGRESSIVE;
				CLANG_CXX_LANGUAGE_STANDARD = "gnu++14";
				CLANG_CXX_LIBRARY = "libc++";
				CLANG_ENABLE_MODULES = YES;
				CLANG_ENABLE_OBJC_ARC = YES;
				CLANG_ENABLE_OBJC_WEAK = YES;
				CLANG_WARN_BLOCK_CAPTURE_AUTORELEASING = YES;
				CLANG_WARN_BOOL_CONVERSION = YES;
				CLANG_WARN_COMMA = YES;
				CLANG_WARN_CONSTANT_CONVERSION = YES;
				CLANG_WARN_DEPRECATED_OBJC_IMPLEMENTATIONS = YES;
				CLANG_WARN_DIRECT_OBJC_ISA_USAGE = YES_ERROR;
				CLANG_WARN_DOCUMENTATION_COMMENTS = YES;
				CLANG_WARN_EMPTY_BODY = YES;
				CLANG_WARN_ENUM_CONVERSION = YES;
				CLANG_WARN_INFINITE_RECURSION = YES;
				CLANG_WARN_INT_CONVERSION = YES;
				CLANG_WARN_NON_LITERAL_NULL_CONVERSION = YES;
				CLANG_WARN_OBJC_IMPLICIT_RETAIN_SELF = YES;
				CLANG_WARN_OBJC_LITERAL_CONVERSION = YES;
				CLANG_WARN_OBJC_ROOT_CLASS = YES_ERROR;
				CLANG_WARN_QUOTED_INCLUDE_IN_FRAMEWORK_HEADER = YES;
				CLANG_WARN_RANGE_LOOP_ANALYSIS = YES;
				CLANG_WARN_STRICT_PROTOTYPES = YES;
				CLANG_WARN_SUSPICIOUS_MOVE = YES;
				CLANG_WARN_UNGUARDED_AVAILABILITY = YES_AGGRESSIVE;
				CLANG_WARN_UNREACHABLE_CODE = YES;
				CLANG_WARN__DUPLICATE_METHOD_MATCH = YES;
				COPY_PHASE_STRIP = NO;
				DEBUG_INFORMATION_FORMAT = "dwarf-with-dsym";
				ENABLE_NS_ASSERTIONS = NO;
				ENABLE_STRICT_OBJC_MSGSEND = YES;
				GCC_C_LANGUAGE_STANDARD = gnu11;
				GCC_NO_COMMON_BLOCKS = YES;
				GCC_WARN_64_TO_32_BIT_CONVERSION = YES;
				GCC_WARN_ABOUT_RETURN_TYPE = YES_ERROR;
				GCC_WARN_UNDECLARED_SELECTOR = YES;
				GCC_WARN_UNINITIALIZED_AUTOS = YES_AGGRESSIVE;
				GCC_WARN_UNUSED_FUNCTION = YES;
				GCC_WARN_UNUSED_VARIABLE = YES;
				IPHONEOS_DEPLOYMENT_TARGET = 14.4;
				MTL_ENABLE_DEBUG_INFO = NO;
				MTL_FAST_MATH = YES;
				SDKROOT = iphoneos;
				SWIFT_COMPILATION_MODE = wholemodule;
				SWIFT_OPTIMIZATION_LEVEL = "-O";
				VALIDATE_PRODUCT = YES;
			};
			name = Release;
		};
		02AE45DF264429AA00C7F031 /* Debug */ = {
			isa = XCBuildConfiguration;
			baseConfigurationReference = 1264DFEE3EFA0F2B1A8CA3E9 /* Pods-Galaxy App.debug.xcconfig */;
			buildSettings = {
				ASSETCATALOG_COMPILER_APPICON_NAME = AppIcon;
				ASSETCATALOG_COMPILER_GLOBAL_ACCENT_COLOR_NAME = AccentColor;
				CODE_SIGN_STYLE = Automatic;
				DEVELOPMENT_TEAM = 5YBNKRN22U;
				INFOPLIST_FILE = "Galaxy App/Info.plist";
				LD_RUNPATH_SEARCH_PATHS = (
					"$(inherited)",
					"@executable_path/Frameworks",
				);
				PRODUCT_BUNDLE_IDENTIFIER = "edu.uy.monkey.kyaw.Galaxy-App";
				PRODUCT_NAME = "$(TARGET_NAME)";
				SWIFT_VERSION = 5.0;
				TARGETED_DEVICE_FAMILY = "1,2";
			};
			name = Debug;
		};
		02AE45E0264429AA00C7F031 /* Release */ = {
			isa = XCBuildConfiguration;
			baseConfigurationReference = E129F1C46375C9B536E4A283 /* Pods-Galaxy App.release.xcconfig */;
			buildSettings = {
				ASSETCATALOG_COMPILER_APPICON_NAME = AppIcon;
				ASSETCATALOG_COMPILER_GLOBAL_ACCENT_COLOR_NAME = AccentColor;
				CODE_SIGN_STYLE = Automatic;
				DEVELOPMENT_TEAM = 5YBNKRN22U;
				INFOPLIST_FILE = "Galaxy App/Info.plist";
				LD_RUNPATH_SEARCH_PATHS = (
					"$(inherited)",
					"@executable_path/Frameworks",
				);
				PRODUCT_BUNDLE_IDENTIFIER = "edu.uy.monkey.kyaw.Galaxy-App";
				PRODUCT_NAME = "$(TARGET_NAME)";
				SWIFT_VERSION = 5.0;
				TARGETED_DEVICE_FAMILY = "1,2";
			};
			name = Release;
		};
/* End XCBuildConfiguration section */

/* Begin XCConfigurationList section */
		02AE45C5264429A400C7F031 /* Build configuration list for PBXProject "Galaxy App" */ = {
			isa = XCConfigurationList;
			buildConfigurations = (
				02AE45DC264429AA00C7F031 /* Debug */,
				02AE45DD264429AA00C7F031 /* Release */,
			);
			defaultConfigurationIsVisible = 0;
			defaultConfigurationName = Release;
		};
		02AE45DE264429AA00C7F031 /* Build configuration list for PBXNativeTarget "Galaxy App" */ = {
			isa = XCConfigurationList;
			buildConfigurations = (
				02AE45DF264429AA00C7F031 /* Debug */,
				02AE45E0264429AA00C7F031 /* Release */,
			);
			defaultConfigurationIsVisible = 0;
			defaultConfigurationName = Release;
		};
/* End XCConfigurationList section */
	};
	rootObject = 02AE45C2264429A400C7F031 /* Project object */;
}
